
Microsoft Visual Studio Solution File, Format Version 12.00
# Visual Studio Version 16
VisualStudioVersion = 16.0.28803.202
MinimumVisualStudioVersion = 10.0.40219.1
Project("{9A19103F-16F7-4668-BE54-9A1E7A4F7556}") = "GuessingGameInfinit", "GuessingGame\GuessingGameInfinit.csproj", "{E996E078-C16D-46BC-8C3A-287D8D02D53B}"
EndProject
Project("{9A19103F-16F7-4668-BE54-9A1E7A4F7556}") = "GuessingGameThreeTries", "GuessingGameThreeTries\GuessingGameThreeTries.csproj", "{B44A6806-69F1-473E-9203-5369E44FBAD2}"
EndProject
Project("{FAE04EC0-301F-11D3-BF4B-00C04F79EFBC}") = "ForLoops", "ForLoops\ForLoops.csproj", "{181BBFF5-4B57-4D46-A2BD-470CAD15CFA5}"
EndProject
Project("{FAE04EC0-301F-11D3-BF4B-00C04F79EFBC}") = "OneToHundred", "OneToHundred\OneToHundred.csproj", "{262D1E2E-E886-4AD4-A946-F0B3BF4DA601}"
EndProject
Project("{FAE04EC0-301F-11D3-BF4B-00C04F79EFBC}") = "HundredToOne", "HundredToOne\HundredToOne.csproj", "{E44EE936-0912-4628-9178-2754B761DC9E}"
EndProject
Project("{FAE04EC0-301F-11D3-BF4B-00C04F79EFBC}") = "FiveLittleDucks", "FiveLittleDucks\FiveLittleDucks.csproj", "{E103BE57-8F45-4F49-82AB-B760F300C4B5}"
EndProject
Global
	GlobalSection(SolutionConfigurationPlatforms) = preSolution
		Debug|Any CPU = Debug|Any CPU
		Release|Any CPU = Release|Any CPU
	EndGlobalSection
	GlobalSection(ProjectConfigurationPlatforms) = postSolution
		{E996E078-C16D-46BC-8C3A-287D8D02D53B}.Debug|Any CPU.ActiveCfg = Debug|Any CPU
		{E996E078-C16D-46BC-8C3A-287D8D02D53B}.Debug|Any CPU.Build.0 = Debug|Any CPU
		{E996E078-C16D-46BC-8C3A-287D8D02D53B}.Release|Any CPU.ActiveCfg = Release|Any CPU
		{E996E078-C16D-46BC-8C3A-287D8D02D53B}.Release|Any CPU.Build.0 = Release|Any CPU
		{B44A6806-69F1-473E-9203-5369E44FBAD2}.Debug|Any CPU.ActiveCfg = Debug|Any CPU
		{B44A6806-69F1-473E-9203-5369E44FBAD2}.Debug|Any CPU.Build.0 = Debug|Any CPU
		{B44A6806-69F1-473E-9203-5369E44FBAD2}.Release|Any CPU.ActiveCfg = Release|Any CPU
		{B44A6806-69F1-473E-9203-5369E44FBAD2}.Release|Any CPU.Build.0 = Release|Any CPU
		{181BBFF5-4B57-4D46-A2BD-470CAD15CFA5}.Debug|Any CPU.ActiveCfg = Debug|Any CPU
		{181BBFF5-4B57-4D46-A2BD-470CAD15CFA5}.Debug|Any CPU.Build.0 = Debug|Any CPU
		{181BBFF5-4B57-4D46-A2BD-470CAD15CFA5}.Release|Any CPU.ActiveCfg = Release|Any CPU
		{181BBFF5-4B57-4D46-A2BD-470CAD15CFA5}.Release|Any CPU.Build.0 = Release|Any CPU
		{262D1E2E-E886-4AD4-A946-F0B3BF4DA601}.Debug|Any CPU.ActiveCfg = Debug|Any CPU
		{262D1E2E-E886-4AD4-A946-F0B3BF4DA601}.Debug|Any CPU.Build.0 = Debug|Any CPU
		{262D1E2E-E886-4AD4-A946-F0B3BF4DA601}.Release|Any CPU.ActiveCfg = Release|Any CPU
		{262D1E2E-E886-4AD4-A946-F0B3BF4DA601}.Release|Any CPU.Build.0 = Release|Any CPU
		{E44EE936-0912-4628-9178-2754B761DC9E}.Debug|Any CPU.ActiveCfg = Debug|Any CPU
		{E44EE936-0912-4628-9178-2754B761DC9E}.Debug|Any CPU.Build.0 = Debug|Any CPU
		{E44EE936-0912-4628-9178-2754B761DC9E}.Release|Any CPU.ActiveCfg = Release|Any CPU
		{E44EE936-0912-4628-9178-2754B761DC9E}.Release|Any CPU.Build.0 = Release|Any CPU
		{E103BE57-8F45-4F49-82AB-B760F300C4B5}.Debug|Any CPU.ActiveCfg = Debug|Any CPU
		{E103BE57-8F45-4F49-82AB-B760F300C4B5}.Debug|Any CPU.Build.0 = Debug|Any CPU
		{E103BE57-8F45-4F49-82AB-B760F300C4B5}.Release|Any CPU.ActiveCfg = Release|Any CPU
		{E103BE57-8F45-4F49-82AB-B760F300C4B5}.Release|Any CPU.Build.0 = Release|Any CPU
	EndGlobalSection
	GlobalSection(SolutionProperties) = preSolution
		HideSolutionNode = FALSE
	EndGlobalSection
	GlobalSection(ExtensibilityGlobals) = postSolution
		SolutionGuid = {353AF425-E594-4E4B-8D11-E31B32E18ACB}
	EndGlobalSection
EndGlobal
